
Microsoft Visual Studio Solution File, Format Version 12.00
# Visual Studio 14
VisualStudioVersion = 14.0.25420.1
MinimumVisualStudioVersion = 10.0.40219.1
Project("{FAE04EC0-301F-11D3-BF4B-00C04F79EFBC}") = "TetrisConsole", "Tetris\TetrisConsole.csproj", "{A984D10D-4C56-414D-BAC2-92552619EF01}"
EndProject
Project("{FAE04EC0-301F-11D3-BF4B-00C04F79EFBC}") = "TetrisWpf", "TetrisWpf\TetrisWpf.csproj", "{6C423C22-E8DB-424C-9B39-D7D6E37E01CA}"
EndProject
Project("{FAE04EC0-301F-11D3-BF4B-00C04F79EFBC}") = "TetrisBib", "TetrisBib\TetrisBib.csproj", "{E26131AE-A493-48EA-8F6F-8A4D4E8446A5}"
EndProject
Global
	GlobalSection(SolutionConfigurationPlatforms) = preSolution
		Debug|Any CPU = Debug|Any CPU
		Release|Any CPU = Release|Any CPU
	EndGlobalSection
	GlobalSection(ProjectConfigurationPlatforms) = postSolution
		{A984D10D-4C56-414D-BAC2-92552619EF01}.Debug|Any CPU.ActiveCfg = Debug|Any CPU
		{A984D10D-4C56-414D-BAC2-92552619EF01}.Debug|Any CPU.Build.0 = Debug|Any CPU
		{A984D10D-4C56-414D-BAC2-92552619EF01}.Release|Any CPU.ActiveCfg = Release|Any CPU
		{A984D10D-4C56-414D-BAC2-92552619EF01}.Release|Any CPU.Build.0 = Release|Any CPU
		{6C423C22-E8DB-424C-9B39-D7D6E37E01CA}.Debug|Any CPU.ActiveCfg = Debug|Any CPU
		{6C423C22-E8DB-424C-9B39-D7D6E37E01CA}.Debug|Any CPU.Build.0 = Debug|Any CPU
		{6C423C22-E8DB-424C-9B39-D7D6E37E01CA}.Release|Any CPU.ActiveCfg = Release|Any CPU
		{6C423C22-E8DB-424C-9B39-D7D6E37E01CA}.Release|Any CPU.Build.0 = Release|Any CPU
		{E26131AE-A493-48EA-8F6F-8A4D4E8446A5}.Debug|Any CPU.ActiveCfg = Debug|Any CPU
		{E26131AE-A493-48EA-8F6F-8A4D4E8446A5}.Debug|Any CPU.Build.0 = Debug|Any CPU
		{E26131AE-A493-48EA-8F6F-8A4D4E8446A5}.Release|Any CPU.ActiveCfg = Release|Any CPU
		{E26131AE-A493-48EA-8F6F-8A4D4E8446A5}.Release|Any CPU.Build.0 = Release|Any CPU
	EndGlobalSection
	GlobalSection(SolutionProperties) = preSolution
		HideSolutionNode = FALSE
	EndGlobalSection
EndGlobal
